{
  "R": {
    "Version": "4.2.0",
    "Repositories": [
      {
        "Name": "CRAN",
        "URL": "https://healthstat.snu.ac.kr/CRAN"
      }
    ]
  },
  "Bioconductor": {
    "Version": "3.16"
  },
  "Packages": {
    "AnnotationDbi": {
      "Package": "AnnotationDbi",
      "Version": "1.60.0",
      "Source": "Bioconductor",
      "git_url": "https://git.bioconductor.org/packages/AnnotationDbi",
      "git_branch": "RELEASE_3_16",
      "git_last_commit": "cd61bd1",
      "git_last_commit_date": "2022-11-01",
      "Hash": "99990e620a7c99e111bec32d3f7119a1",
      "Requirements": [
        "Biobase",
        "BiocGenerics",
        "DBI",
        "IRanges",
        "KEGGREST",
        "RSQLite",
        "S4Vectors"
      ]
    },
    "BH": {
      "Package": "BH",
      "Version": "1.81.0-1",
      "Source": "Repository",
      "Repository": "CRAN",
      "Hash": "68122010f01c4dcfbe58ce7112f2433d",
      "Requirements": []
    },
    "Biobase": {
      "Package": "Biobase",
      "Version": "2.58.0",
      "Source": "Bioconductor",
      "git_url": "https://git.bioconductor.org/packages/Biobase",
      "git_branch": "RELEASE_3_16",
      "git_last_commit": "767f2f3",
      "git_last_commit_date": "2022-11-01",
      "Hash": "96e8b620897cc9a03deff4097fa8b265",
      "Requirements": [
        "BiocGenerics"
      ]
    },
    "BiocGenerics": {
      "Package": "BiocGenerics",
      "Version": "0.44.0",
      "Source": "Bioconductor",
      "git_url": "https://git.bioconductor.org/packages/BiocGenerics",
      "git_branch": "RELEASE_3_16",
      "git_last_commit": "d7cd9c1",
      "git_last_commit_date": "2022-11-01",
      "Hash": "0de19224c2cd94f48fbc0d0bc663ce3b",
      "Requirements": []
    },
    "BiocManager": {
      "Package": "BiocManager",
      "Version": "1.30.20",
      "Source": "Repository",
      "Repository": "CRAN",
      "Hash": "a7fca16a50b6ef7771b49d636dd54b57",
      "Requirements": []
    },
    "BiocParallel": {
      "Package": "BiocParallel",
      "Version": "1.32.5",
      "Source": "Bioconductor",
      "git_url": "https://git.bioconductor.org/packages/BiocParallel",
      "git_branch": "RELEASE_3_16",
      "git_last_commit": "6110035",
      "git_last_commit_date": "2022-12-22",
      "Hash": "1ccd5fb92fe75b6f903fdda4a2d68689",
      "Requirements": [
        "BH",
        "codetools",
        "cpp11",
        "futile.logger",
        "snow"
      ]
    },
    "BiocVersion": {
      "Package": "BiocVersion",
      "Version": "3.16.0",
      "Source": "Bioconductor",
      "git_url": "https://git.bioconductor.org/packages/BiocVersion",
      "git_branch": "master",
      "git_last_commit": "c681e06",
      "git_last_commit_date": "2022-04-26",
      "Hash": "44c5824508b9a10e52dbb505c34fa880",
      "Requirements": []
    },
    "Biostrings": {
      "Package": "Biostrings",
      "Version": "2.66.0",
      "Source": "Bioconductor",
      "git_url": "https://git.bioconductor.org/packages/Biostrings",
      "git_branch": "RELEASE_3_16",
      "git_last_commit": "3470ca7",
      "git_last_commit_date": "2022-11-01",
      "Hash": "5666d0758c6dea426c81b3f644c28eaf",
      "Requirements": [
        "BiocGenerics",
        "GenomeInfoDb",
        "IRanges",
        "S4Vectors",
        "XVector",
        "crayon"
      ]
    },
    "DBI": {
      "Package": "DBI",
      "Version": "1.1.2",
      "Source": "Repository",
      "Repository": "CRAN",
      "Hash": "dcd1743af4336156873e3ce3c950b8b9",
      "Requirements": []
    },
    "DESeq2": {
      "Package": "DESeq2",
      "Version": "1.38.3",
      "Source": "Bioconductor",
      "git_url": "https://git.bioconductor.org/packages/DESeq2",
      "git_branch": "RELEASE_3_16",
      "git_last_commit": "c470955",
      "git_last_commit_date": "2023-01-19",
      "Hash": "6798f7179a065e0336b354b4cda2c5a6",
      "Requirements": [
        "Biobase",
        "BiocGenerics",
        "BiocParallel",
        "GenomicRanges",
        "IRanges",
        "Rcpp",
        "RcppArmadillo",
        "S4Vectors",
        "SummarizedExperiment",
        "geneplotter",
        "ggplot2",
        "locfit",
        "matrixStats"
      ]
    },
    "DelayedArray": {
      "Package": "DelayedArray",
      "Version": "0.24.0",
      "Source": "Bioconductor",
      "git_url": "https://git.bioconductor.org/packages/DelayedArray",
      "git_branch": "RELEASE_3_16",
      "git_last_commit": "68ee3d0",
      "git_last_commit_date": "2022-11-01",
      "Hash": "51da2aa8f52a4f3f08b65a8f1c62530e",
      "Requirements": [
        "BiocGenerics",
        "IRanges",
        "Matrix",
        "MatrixGenerics",
        "S4Vectors"
      ]
    },
    "GO.db": {
      "Package": "GO.db",
      "Version": "3.16.0",
      "Source": "Bioconductor",
      "Hash": "21c1446b676a6a58bc1e4154755fc65d",
      "Requirements": [
        "AnnotationDbi"
      ]
    },
    "GenomeInfoDb": {
      "Package": "GenomeInfoDb",
      "Version": "1.34.9",
      "Source": "Bioconductor",
      "git_url": "https://git.bioconductor.org/packages/GenomeInfoDb",
      "git_branch": "RELEASE_3_16",
      "git_last_commit": "24d7cb9",
      "git_last_commit_date": "2023-02-02",
      "Hash": "c8adcafcf06ec6681c35eafa837c69bb",
      "Requirements": [
        "BiocGenerics",
        "GenomeInfoDbData",
        "IRanges",
        "RCurl",
        "S4Vectors"
      ]
    },
    "GenomeInfoDbData": {
      "Package": "GenomeInfoDbData",
      "Version": "1.2.9",
      "Source": "Bioconductor",
      "Hash": "618b1efac0f8b8c130afac3e0eafd47c",
      "Requirements": []
    },
    "GenomicRanges": {
      "Package": "GenomicRanges",
      "Version": "1.50.2",
      "Source": "Bioconductor",
      "git_url": "https://git.bioconductor.org/packages/GenomicRanges",
      "git_branch": "RELEASE_3_16",
      "git_last_commit": "6125839",
      "git_last_commit_date": "2022-12-15",
      "Hash": "24a5b855811e94b5bd9365a11fe5b2a8",
      "Requirements": [
        "BiocGenerics",
        "GenomeInfoDb",
        "IRanges",
        "S4Vectors",
        "XVector"
      ]
    },
    "IRanges": {
      "Package": "IRanges",
      "Version": "2.32.0",
      "Source": "Bioconductor",
      "git_url": "https://git.bioconductor.org/packages/IRanges",
      "git_branch": "RELEASE_3_16",
      "git_last_commit": "2b5c9fc",
      "git_last_commit_date": "2022-11-01",
      "Hash": "c4d63bc50829c9d3ac6d4500bea17b06",
      "Requirements": [
        "BiocGenerics",
        "S4Vectors"
      ]
    },
    "KEGGREST": {
      "Package": "KEGGREST",
      "Version": "1.38.0",
      "Source": "Bioconductor",
      "git_url": "https://git.bioconductor.org/packages/KEGGREST",
      "git_branch": "RELEASE_3_16",
      "git_last_commit": "4dfbff9",
      "git_last_commit_date": "2022-11-01",
      "Hash": "c868da6f0062c0b977823dec78e92b67",
      "Requirements": [
        "Biostrings",
        "httr",
        "png"
      ]
    },
    "KernSmooth": {
      "Package": "KernSmooth",
      "Version": "2.23-20",
      "Source": "Repository",
      "Repository": "CRAN",
      "Hash": "8dcfa99b14c296bc9f1fd64d52fd3ce7",
      "Requirements": []
    },
    "MASS": {
      "Package": "MASS",
      "Version": "7.3-56",
      "Source": "Repository",
      "Repository": "CRAN",
      "Hash": "af0e1955cb80bb36b7988cc657db261e",
      "Requirements": []
    },
    "Matrix": {
      "Package": "Matrix",
      "Version": "1.4-1",
      "Source": "Repository",
      "Repository": "CRAN",
      "Hash": "699c47c606293bdfbc9fd78a93c9c8fe",
      "Requirements": [
        "lattice"
      ]
    },
    "MatrixGenerics": {
      "Package": "MatrixGenerics",
      "Version": "1.10.0",
      "Source": "Bioconductor",
      "git_url": "https://git.bioconductor.org/packages/MatrixGenerics",
      "git_branch": "RELEASE_3_16",
      "git_last_commit": "6d9d907",
      "git_last_commit_date": "2022-11-01",
      "Hash": "0e510b9ce6c89e37c2ed562a624afbe0",
      "Requirements": [
        "matrixStats"
      ]
    },
    "R6": {
      "Package": "R6",
      "Version": "2.5.1",
      "Source": "Repository",
      "Repository": "CRAN",
      "Hash": "470851b6d5d0ac559e9d01bb352b4021",
      "Requirements": []
    },
    "RColorBrewer": {
      "Package": "RColorBrewer",
      "Version": "1.1-3",
      "Source": "Repository",
      "Repository": "CRAN",
      "Hash": "45f0398006e83a5b10b72a90663d8d8c",
      "Requirements": []
    },
    "RCurl": {
      "Package": "RCurl",
      "Version": "1.98-1.6",
      "Source": "Repository",
      "Repository": "CRAN",
      "Hash": "53a4a5e55370f1a1a4afd92356252946",
      "Requirements": [
        "bitops"
      ]
    },
    "ROC": {
      "Package": "ROC",
      "Version": "1.74.0",
      "Source": "Bioconductor",
      "git_url": "https://git.bioconductor.org/packages/ROC",
      "git_branch": "RELEASE_3_16",
      "git_last_commit": "982ad4d",
      "git_last_commit_date": "2022-11-01",
      "Hash": "4e8bb5d3ad4cf6b6c4f0c13d2e75c4ff",
      "Requirements": [
        "knitr"
      ]
    },
    "RSQLite": {
      "Package": "RSQLite",
      "Version": "2.3.0",
      "Source": "Repository",
      "Repository": "CRAN",
      "Hash": "264c1861d7ac1dc71ecb5ac5c4c1318a",
      "Requirements": [
        "DBI",
        "bit64",
        "blob",
        "cpp11",
        "memoise",
        "pkgconfig",
        "plogr"
      ]
    },
    "Rcpp": {
      "Package": "Rcpp",
      "Version": "1.0.10",
      "Source": "Repository",
      "Repository": "CRAN",
      "Hash": "e749cae40fa9ef469b6050959517453c",
      "Requirements": []
    },
    "RcppArmadillo": {
      "Package": "RcppArmadillo",
      "Version": "0.12.0.1.0",
      "Source": "Repository",
      "Repository": "CRAN",
      "Hash": "dee7cfd76b4c78bab84e09b74b6d471f",
      "Requirements": [
        "Rcpp"
      ]
    },
    "S4Vectors": {
      "Package": "S4Vectors",
      "Version": "0.36.1",
      "Source": "Bioconductor",
      "git_url": "https://git.bioconductor.org/packages/S4Vectors",
      "git_branch": "RELEASE_3_16",
      "git_last_commit": "838e988",
      "git_last_commit_date": "2022-12-05",
      "Hash": "efbe01340749acecd3c77a4a31819d64",
      "Requirements": [
        "BiocGenerics"
      ]
    },
    "SummarizedExperiment": {
      "Package": "SummarizedExperiment",
      "Version": "1.28.0",
      "Source": "Bioconductor",
      "git_url": "https://git.bioconductor.org/packages/SummarizedExperiment",
      "git_branch": "RELEASE_3_16",
      "git_last_commit": "ba55dac",
      "git_last_commit_date": "2022-11-01",
      "Hash": "ae913ff30bce222686e66e45448fcfb6",
      "Requirements": [
        "Biobase",
        "BiocGenerics",
        "DelayedArray",
        "GenomeInfoDb",
        "GenomicRanges",
        "IRanges",
        "Matrix",
        "MatrixGenerics",
        "S4Vectors"
      ]
    },
    "TCC": {
      "Package": "TCC",
      "Version": "1.38.0",
      "Source": "Bioconductor",
      "git_url": "https://git.bioconductor.org/packages/TCC",
      "git_branch": "RELEASE_3_16",
      "git_last_commit": "81d0810",
      "git_last_commit_date": "2022-11-01",
      "Hash": "7bcab4913229d80fcc975ba87d6a6c70",
      "Requirements": [
        "DESeq2",
        "ROC",
        "baySeq",
        "edgeR"
      ]
    },
    "XML": {
      "Package": "XML",
      "Version": "3.99-0.13",
      "Source": "Repository",
      "Repository": "CRAN",
      "Hash": "8b4dce3d0f7b7c6ca7501d53e68a1bf5",
      "Requirements": []
    },
    "XVector": {
      "Package": "XVector",
      "Version": "0.38.0",
      "Source": "Bioconductor",
      "git_url": "https://git.bioconductor.org/packages/XVector",
      "git_branch": "RELEASE_3_16",
      "git_last_commit": "8cad084",
      "git_last_commit_date": "2022-11-01",
      "Hash": "83b80e46ac75044bc7516d0dc8116165",
      "Requirements": [
        "BiocGenerics",
        "IRanges",
        "S4Vectors",
        "zlibbioc"
      ]
    },
    "abind": {
      "Package": "abind",
      "Version": "1.4-7",
      "Source": "Repository",
      "Repository": "R-Forge",
      "Hash": "d7d50df67bc0fffbc6b4c3a13d1d01f3",
      "Requirements": []
    },
    "affxparser": {
      "Package": "affxparser",
      "Version": "1.70.0",
      "Source": "Bioconductor",
      "git_url": "https://git.bioconductor.org/packages/affxparser",
      "git_branch": "RELEASE_3_16",
      "git_last_commit": "d2779bf",
      "git_last_commit_date": "2022-11-01",
      "Hash": "4875269dfc20db8108b979f373c725d3",
      "Requirements": []
    },
    "affy": {
      "Package": "affy",
      "Version": "1.76.0",
      "Source": "Bioconductor",
      "git_url": "https://git.bioconductor.org/packages/affy",
      "git_branch": "RELEASE_3_16",
      "git_last_commit": "3bb3093",
      "git_last_commit_date": "2022-11-01",
      "Hash": "cb62ac3c623b622d0acbf81d25ca51f2",
      "Requirements": [
        "Biobase",
        "BiocGenerics",
        "BiocManager",
        "affyio",
        "preprocessCore",
        "zlibbioc"
      ]
    },
    "affyio": {
      "Package": "affyio",
      "Version": "1.68.0",
      "Source": "Bioconductor",
      "git_url": "https://git.bioconductor.org/packages/affyio",
      "git_branch": "RELEASE_3_16",
      "git_last_commit": "33080c5",
      "git_last_commit_date": "2022-11-01",
      "Hash": "56c6305f19e55be9e27577a91f9008f0",
      "Requirements": [
        "zlibbioc"
      ]
    },
    "amap": {
      "Package": "amap",
      "Version": "0.8-19",
      "Source": "Repository",
      "Repository": "CRAN",
      "Hash": "1b5a878bda18bb41d071cc61e6462398",
      "Requirements": []
    },
    "annotate": {
      "Package": "annotate",
      "Version": "1.76.0",
      "Source": "Bioconductor",
      "git_url": "https://git.bioconductor.org/packages/annotate",
      "git_branch": "RELEASE_3_16",
      "git_last_commit": "0181d5c",
      "git_last_commit_date": "2022-11-01",
      "Hash": "91e49f231dd9b63d3a181e6875d6e472",
      "Requirements": [
        "AnnotationDbi",
        "Biobase",
        "BiocGenerics",
        "DBI",
        "XML",
        "httr",
        "xtable"
      ]
    },
    "askpass": {
      "Package": "askpass",
      "Version": "1.1",
      "Source": "Repository",
      "Repository": "CRAN",
      "Hash": "e8a22846fff485f0be3770c2da758713",
      "Requirements": [
        "sys"
      ]
    },
    "baySeq": {
      "Package": "baySeq",
      "Version": "2.31.0",
      "Source": "Bioconductor",
      "git_url": "https://git.bioconductor.org/packages/baySeq",
      "git_branch": "master",
      "git_last_commit": "c0f1a83",
      "git_last_commit_date": "2022-04-26",
      "Hash": "4238f5f400ab2e31f410386ed4d00d99",
      "Requirements": [
        "GenomicRanges",
        "abind",
        "edgeR"
      ]
    },
    "bit": {
      "Package": "bit",
      "Version": "4.0.5",
      "Source": "Repository",
      "Repository": "CRAN",
      "Hash": "d242abec29412ce988848d0294b208fd",
      "Requirements": []
    },
    "bit64": {
      "Package": "bit64",
      "Version": "4.0.5",
      "Source": "Repository",
      "Repository": "CRAN",
      "Hash": "9fe98599ca456d6552421db0d6772d8f",
      "Requirements": [
        "bit"
      ]
    },
    "bitops": {
      "Package": "bitops",
      "Version": "1.0-7",
      "Source": "Repository",
      "Repository": "CRAN",
      "Hash": "b7d8d8ee39869c18d8846a184dd8a1af",
      "Requirements": []
    },
    "blob": {
      "Package": "blob",
      "Version": "1.2.3",
      "Source": "Repository",
      "Repository": "CRAN",
      "Hash": "10d231579bc9c06ab1c320618808d4ff",
      "Requirements": [
        "rlang",
        "vctrs"
      ]
    },
    "caTools": {
      "Package": "caTools",
      "Version": "1.18.2",
      "Source": "Repository",
      "Repository": "CRAN",
      "Hash": "34d90fa5845004236b9eacafc51d07b2",
      "Requirements": [
        "bitops"
      ]
    },
    "cachem": {
      "Package": "cachem",
      "Version": "1.0.7",
      "Source": "Repository",
      "Repository": "CRAN",
      "Hash": "cda74447c42f529de601fe4d4050daef",
      "Requirements": [
        "fastmap",
        "rlang"
      ]
    },
    "cli": {
      "Package": "cli",
      "Version": "3.6.0",
      "Source": "Repository",
      "Repository": "CRAN",
      "Hash": "3177a5a16c243adc199ba33117bd9657",
      "Requirements": []
    },
    "codetools": {
      "Package": "codetools",
      "Version": "0.2-18",
      "Source": "Repository",
      "Repository": "CRAN",
      "Hash": "019388fc48e48b3da0d3a76ff94608a8",
      "Requirements": []
    },
    "colorspace": {
      "Package": "colorspace",
      "Version": "2.1-1",
      "Source": "Repository",
      "Repository": "R-Forge",
      "Hash": "d954cb1c57e8d8b756165d7ba18aa55a",
      "Requirements": []
    },
    "cpp11": {
      "Package": "cpp11",
      "Version": "0.4.3",
      "Source": "Repository",
      "Repository": "CRAN",
      "Hash": "ed588261931ee3be2c700d22e94a29ab",
      "Requirements": []
    },
    "crayon": {
      "Package": "crayon",
      "Version": "1.5.2",
      "Source": "Repository",
      "Repository": "CRAN",
      "Hash": "e8a1e41acf02548751f45c718d55aa6a",
      "Requirements": []
    },
    "curl": {
      "Package": "curl",
      "Version": "5.0.0",
      "Source": "Repository",
      "Repository": "CRAN",
      "Hash": "e4f97056611e8e6b8b852d13b7400cf1",
      "Requirements": []
    },
    "dataframes2xls": {
      "Package": "dataframes2xls",
      "Version": "0.4.7",
      "Source": "Repository",
      "Repository": "CRAN",
      "Hash": "b64e44a2c464dddcc05a919af8920308",
      "Requirements": []
    },
    "edgeR": {
      "Package": "edgeR",
      "Version": "3.40.2",
      "Source": "Bioconductor",
      "git_url": "https://git.bioconductor.org/packages/edgeR",
      "git_branch": "RELEASE_3_16",
      "git_last_commit": "ddb1cb9",
      "git_last_commit_date": "2023-01-19",
      "Hash": "e5ea1fc0a6bb6213941c8be214bf493d",
      "Requirements": [
        "Rcpp",
        "limma",
        "locfit"
      ]
    },
    "evaluate": {
      "Package": "evaluate",
      "Version": "0.20",
      "Source": "Repository",
      "Repository": "CRAN",
      "Hash": "4b68aa51edd89a0e044a66e75ae3cc6c",
      "Requirements": []
    },
    "fansi": {
      "Package": "fansi",
      "Version": "1.0.4",
      "Source": "Repository",
      "Repository": "CRAN",
      "Hash": "1d9e7ad3c8312a192dea7d3db0274fde",
      "Requirements": []
    },
    "farver": {
      "Package": "farver",
      "Version": "2.1.1",
      "Source": "Repository",
      "Repository": "CRAN",
      "Hash": "8106d78941f34855c440ddb946b8f7a5",
      "Requirements": []
    },
    "fastmap": {
      "Package": "fastmap",
      "Version": "1.1.1",
      "Source": "Repository",
      "Repository": "CRAN",
      "Hash": "f7736a18de97dea803bde0a2daaafb27",
      "Requirements": []
    },
    "ff": {
      "Package": "ff",
      "Version": "4.0.9",
      "Source": "Repository",
      "Repository": "CRAN",
      "Hash": "53fc01365326b8b68e814a03d4ab6307",
      "Requirements": [
        "bit"
      ]
    },
    "foreach": {
      "Package": "foreach",
      "Version": "1.5.2",
      "Source": "Repository",
      "Repository": "CRAN",
      "Hash": "618609b42c9406731ead03adf5379850",
      "Requirements": [
        "codetools",
        "iterators"
      ]
    },
    "formatR": {
      "Package": "formatR",
      "Version": "1.14",
      "Source": "Repository",
      "Repository": "CRAN",
      "Hash": "63cb26d12517c7863f5abb006c5e0f25",
      "Requirements": []
    },
    "futile.logger": {
      "Package": "futile.logger",
      "Version": "1.4.3",
      "Source": "Repository",
      "Repository": "CRAN",
      "Hash": "99f0ace8c05ec7d3683d27083c4f1e7e",
      "Requirements": [
        "futile.options",
        "lambda.r"
      ]
    },
    "futile.options": {
      "Package": "futile.options",
      "Version": "1.0.1",
      "Source": "Repository",
      "Repository": "CRAN",
      "Hash": "0d9bf02413ddc2bbe8da9ce369dcdd2b",
      "Requirements": []
    },
    "gdata": {
      "Package": "gdata",
      "Version": "2.18.0.1",
      "Source": "Repository",
      "Repository": "CRAN",
      "Hash": "8c86ee4c7aa7dd31ef0a28b28649bde4",
      "Requirements": [
        "gtools"
      ]
    },
    "genefilter": {
      "Package": "genefilter",
      "Version": "1.80.3",
      "Source": "Bioconductor",
      "git_url": "https://git.bioconductor.org/packages/genefilter",
      "git_branch": "RELEASE_3_16",
      "git_last_commit": "2138dca",
      "git_last_commit_date": "2023-01-19",
      "Hash": "456e757607027526632bc38e4d92ff50",
      "Requirements": [
        "AnnotationDbi",
        "Biobase",
        "BiocGenerics",
        "annotate",
        "survival"
      ]
    },
    "geneplotter": {
      "Package": "geneplotter",
      "Version": "1.76.0",
      "Source": "Bioconductor",
      "git_url": "https://git.bioconductor.org/packages/geneplotter",
      "git_branch": "RELEASE_3_16",
      "git_last_commit": "4eb6a78",
      "git_last_commit_date": "2022-11-01",
      "Hash": "2e451950596369ad166c6717a08df890",
      "Requirements": [
        "AnnotationDbi",
        "Biobase",
        "BiocGenerics",
        "RColorBrewer",
        "annotate",
        "lattice"
      ]
    },
    "ggplot2": {
      "Package": "ggplot2",
      "Version": "3.4.1",
      "Source": "Repository",
      "Repository": "CRAN",
      "Hash": "d494daf77c4aa7f084dbbe6ca5dcaca7",
      "Requirements": [
        "MASS",
        "cli",
        "glue",
        "gtable",
        "isoband",
        "lifecycle",
        "mgcv",
        "rlang",
        "scales",
        "tibble",
        "vctrs",
        "withr"
      ]
    },
    "glue": {
      "Package": "glue",
      "Version": "1.6.2",
      "Source": "Repository",
      "Repository": "CRAN",
      "Hash": "4f2596dfb05dac67b9dc558e5c6fba2e",
      "Requirements": []
    },
    "gplots": {
      "Package": "gplots",
      "Version": "3.1.3",
      "Source": "Repository",
      "Repository": "CRAN",
      "Hash": "75437dd4c43599f6e9418ea249495fda",
      "Requirements": [
        "KernSmooth",
        "caTools",
        "gtools"
      ]
    },
    "gtable": {
      "Package": "gtable",
      "Version": "0.3.1",
      "Source": "Repository",
      "Repository": "CRAN",
      "Hash": "36b4265fb818f6a342bed217549cd896",
      "Requirements": []
    },
    "gtools": {
      "Package": "gtools",
      "Version": "3.9.4",
      "Source": "Repository",
      "Repository": "CRAN",
      "Hash": "88bb96eaf7140cdf29e374ef74182220",
      "Requirements": []
    },
    "highr": {
      "Package": "highr",
      "Version": "0.10",
      "Source": "Repository",
      "Repository": "CRAN",
      "Hash": "06230136b2d2b9ba5805e1963fa6e890",
      "Requirements": [
        "xfun"
      ]
    },
    "httr": {
      "Package": "httr",
      "Version": "1.4.5",
      "Source": "Repository",
      "Repository": "CRAN",
      "Hash": "f6844033201269bec3ca0097bc6c97b3",
      "Requirements": [
        "R6",
        "curl",
        "jsonlite",
        "mime",
        "openssl"
      ]
    },
    "isoband": {
      "Package": "isoband",
      "Version": "0.2.7",
      "Source": "Repository",
      "Repository": "CRAN",
      "Hash": "0080607b4a1a7b28979aecef976d8bc2",
      "Requirements": []
    },
    "iterators": {
      "Package": "iterators",
      "Version": "1.0.14",
      "Source": "Repository",
      "Repository": "CRAN",
      "Hash": "8954069286b4b2b0d023d1b288dce978",
      "Requirements": []
    },
    "jsonlite": {
      "Package": "jsonlite",
      "Version": "1.8.4",
      "Source": "Repository",
      "Repository": "CRAN",
      "Hash": "a4269a09a9b865579b2635c77e572374",
      "Requirements": []
    },
    "knitr": {
      "Package": "knitr",
      "Version": "1.42",
      "Source": "Repository",
      "Repository": "CRAN",
      "Hash": "8329a9bcc82943c8069104d4be3ee22d",
      "Requirements": [
        "evaluate",
        "highr",
        "xfun",
        "yaml"
      ]
    },
    "labeling": {
      "Package": "labeling",
      "Version": "0.4.2",
      "Source": "Repository",
      "Repository": "CRAN",
      "Hash": "3d5108641f47470611a32d0bdf357a72",
      "Requirements": []
    },
    "lambda.r": {
      "Package": "lambda.r",
      "Version": "1.2.4",
      "Source": "Repository",
      "Repository": "CRAN",
      "Hash": "b1e925c4b9ffeb901bacf812cbe9a6ad",
      "Requirements": [
        "formatR"
      ]
    },
    "lattice": {
      "Package": "lattice",
      "Version": "0.20-45",
      "Source": "Repository",
      "Repository": "CRAN",
      "Hash": "b64cdbb2b340437c4ee047a1f4c4377b",
      "Requirements": []
    },
    "lifecycle": {
      "Package": "lifecycle",
      "Version": "1.0.3",
      "Source": "Repository",
      "Repository": "CRAN",
      "Hash": "001cecbeac1cff9301bdc3775ee46a86",
      "Requirements": [
        "cli",
        "glue",
        "rlang"
      ]
    },
    "limma": {
      "Package": "limma",
      "Version": "3.54.1",
      "Source": "Bioconductor",
      "git_url": "https://git.bioconductor.org/packages/limma",
      "git_branch": "RELEASE_3_16",
      "git_last_commit": "e4e922d",
      "git_last_commit_date": "2023-01-26",
      "Hash": "e23db0b76e0fe4ec94d4d46c42ecbd9f",
      "Requirements": []
    },
    "locfit": {
      "Package": "locfit",
      "Version": "1.5-9.7",
      "Source": "Repository",
      "Repository": "CRAN",
      "Hash": "08c4156abea85c9b6d4e7798427a887d",
      "Requirements": [
        "lattice"
      ]
    },
    "magrittr": {
      "Package": "magrittr",
      "Version": "2.0.3",
      "Source": "Repository",
      "Repository": "CRAN",
      "Hash": "7ce2733a9826b3aeb1775d56fd305472",
      "Requirements": []
    },
    "matrixStats": {
      "Package": "matrixStats",
      "Version": "0.63.0",
      "Source": "Repository",
      "Repository": "CRAN",
      "Hash": "57af0c3da1f1a50680b186591c3359af",
      "Requirements": []
    },
    "memoise": {
      "Package": "memoise",
      "Version": "2.0.1",
      "Source": "Repository",
      "Repository": "CRAN",
      "Hash": "e2817ccf4a065c5d9d7f2cfbe7c1d78c",
      "Requirements": [
        "cachem",
        "rlang"
      ]
    },
    "mgcv": {
      "Package": "mgcv",
      "Version": "1.8-40",
      "Source": "Repository",
      "Repository": "CRAN",
      "Hash": "c6b2fdb18cf68ab613bd564363e1ba0d",
      "Requirements": [
        "Matrix",
        "nlme"
      ]
    },
    "mime": {
      "Package": "mime",
      "Version": "0.12",
      "Source": "Repository",
      "Repository": "CRAN",
      "Hash": "18e9c28c1d3ca1560ce30658b22ce104",
      "Requirements": []
    },
    "munsell": {
      "Package": "munsell",
      "Version": "0.5.0",
      "Source": "Repository",
      "Repository": "CRAN",
      "Hash": "6dfe8bf774944bd5595785e3229d8771",
      "Requirements": [
        "colorspace"
      ]
    },
    "narray": {
      "Package": "narray",
      "Version": "19.05.20",
      "Source": "Repository",
      "Repository": "CRAN",
      "Hash": "c8fbf4a6db77cd16dae1db32d43507d1",
      "Requirements": []
    },
    "nbase": {
      "Package": "nbase",
      "Version": "15.06.11",
      "Source": "unknown",
      "Hash": "5f9e49366f7f9d36521cc9be198821cd",
      "Requirements": []
    },
    "nlme": {
      "Package": "nlme",
      "Version": "3.1-157",
      "Source": "Repository",
      "Repository": "CRAN",
      "Hash": "dbca60742be0c9eddc5205e5c7ca1f44",
      "Requirements": [
        "lattice"
      ]
    },
    "ntool": {
      "Package": "ntool",
      "Version": "14.04.29",
      "Source": "unknown",
      "Hash": "eccd935291c0559830719d83ad874255",
      "Requirements": []
    },
    "oligo": {
      "Package": "oligo",
      "Version": "1.62.2",
      "Source": "Bioconductor",
      "git_url": "https://git.bioconductor.org/packages/oligo",
      "git_branch": "RELEASE_3_16",
      "git_last_commit": "05a7e3c",
      "git_last_commit_date": "2023-01-19",
      "Hash": "0c4ae4e4677681193f59b40a6ad9dd6e",
      "Requirements": [
        "Biobase",
        "BiocGenerics",
        "Biostrings",
        "DBI",
        "RSQLite",
        "affxparser",
        "affyio",
        "ff",
        "oligoClasses",
        "preprocessCore",
        "zlibbioc"
      ]
    },
    "oligoClasses": {
      "Package": "oligoClasses",
      "Version": "1.60.0",
      "Source": "Bioconductor",
      "git_url": "https://git.bioconductor.org/packages/oligoClasses",
      "git_branch": "RELEASE_3_16",
      "git_last_commit": "cf9d76c",
      "git_last_commit_date": "2022-11-01",
      "Hash": "2f17a55a0e3bb7f72e948430fccda7f4",
      "Requirements": [
        "Biobase",
        "BiocGenerics",
        "BiocManager",
        "Biostrings",
        "DBI",
        "GenomicRanges",
        "IRanges",
        "RSQLite",
        "S4Vectors",
        "SummarizedExperiment",
        "affyio",
        "ff",
        "foreach"
      ]
    },
    "openssl": {
      "Package": "openssl",
      "Version": "2.0.5",
      "Source": "Repository",
      "Repository": "CRAN",
      "Hash": "b04c27110bf367b4daa93f34f3d58e75",
      "Requirements": [
        "askpass"
      ]
    },
    "org.Dr.eg.db": {
      "Package": "org.Dr.eg.db",
      "Version": "3.15.0",
      "Source": "Bioconductor",
      "Hash": "2cc52ff4025babe6fa3a3834b33a98a6",
      "Requirements": [
        "AnnotationDbi"
      ]
    },
    "pillar": {
      "Package": "pillar",
      "Version": "1.8.1",
      "Source": "Repository",
      "Repository": "CRAN",
      "Hash": "f2316df30902c81729ae9de95ad5a608",
      "Requirements": [
        "cli",
        "fansi",
        "glue",
        "lifecycle",
        "rlang",
        "utf8",
        "vctrs"
      ]
    },
    "pkgconfig": {
      "Package": "pkgconfig",
      "Version": "2.0.3",
      "Source": "Repository",
      "Repository": "CRAN",
      "Hash": "01f28d4278f15c76cddbea05899c5d6f",
      "Requirements": []
    },
    "plogr": {
      "Package": "plogr",
      "Version": "0.2.0",
      "Source": "Repository",
      "Repository": "CRAN",
      "Hash": "09eb987710984fc2905c7129c7d85e65",
      "Requirements": []
    },
    "png": {
      "Package": "png",
      "Version": "0.1-8",
      "Source": "Repository",
      "Repository": "CRAN",
      "Hash": "bd54ba8a0a5faded999a7aab6e46b374",
      "Requirements": []
    },
    "preprocessCore": {
      "Package": "preprocessCore",
      "Version": "1.60.2",
      "Source": "Bioconductor",
      "git_url": "https://git.bioconductor.org/packages/preprocessCore",
      "git_branch": "RELEASE_3_16",
      "git_last_commit": "71fbf1d",
      "git_last_commit_date": "2023-01-19",
      "Hash": "2f43c91de2c073748ca399e323693de4",
      "Requirements": []
    },
    "renv": {
      "Package": "renv",
      "Version": "0.15.5",
      "Source": "Repository",
      "Repository": "RSPM",
      "Hash": "6a38294e7d12f5d8e656b08c5bd8ae34",
      "Requirements": []
    },
    "rlang": {
      "Package": "rlang",
      "Version": "1.0.6",
      "Source": "Repository",
      "Repository": "CRAN",
      "Hash": "4ed1f8336c8d52c3e750adcdc57228a7",
      "Requirements": []
    },
    "scales": {
      "Package": "scales",
      "Version": "1.2.1",
      "Source": "Repository",
      "Repository": "CRAN",
      "Hash": "906cb23d2f1c5680b8ce439b44c6fa63",
      "Requirements": [
        "R6",
        "RColorBrewer",
        "farver",
        "labeling",
        "lifecycle",
        "munsell",
        "rlang",
        "viridisLite"
      ]
    },
    "snow": {
      "Package": "snow",
      "Version": "0.4-4",
      "Source": "Repository",
      "Repository": "CRAN",
      "Hash": "40b74690debd20c57d93d8c246b305d4",
      "Requirements": []
    },
    "survival": {
      "Package": "survival",
      "Version": "3.3-1",
      "Source": "Repository",
      "Repository": "CRAN",
      "Hash": "f6189c70451d3d68e0d571235576e833",
      "Requirements": [
        "Matrix"
      ]
    },
    "sys": {
      "Package": "sys",
      "Version": "3.4.1",
      "Source": "Repository",
      "Repository": "CRAN",
      "Hash": "34c16f1ef796057bfa06d3f4ff818a5d",
      "Requirements": []
    },
    "tibble": {
      "Package": "tibble",
      "Version": "3.1.8",
      "Source": "Repository",
      "Repository": "CRAN",
      "Hash": "56b6934ef0f8c68225949a8672fe1a8f",
      "Requirements": [
        "fansi",
        "lifecycle",
        "magrittr",
        "pillar",
        "pkgconfig",
        "rlang",
        "vctrs"
      ]
    },
    "utf8": {
      "Package": "utf8",
      "Version": "1.2.3",
      "Source": "Repository",
      "Repository": "CRAN",
      "Hash": "1fe17157424bb09c48a8b3b550c753bc",
      "Requirements": []
    },
    "vctrs": {
      "Package": "vctrs",
      "Version": "0.5.2",
      "Source": "Repository",
      "Repository": "CRAN",
      "Hash": "e4ffa94ceed5f124d429a5a5f0f5b378",
      "Requirements": [
        "cli",
        "glue",
        "lifecycle",
        "rlang"
      ]
    },
    "viridisLite": {
      "Package": "viridisLite",
      "Version": "0.4.1",
      "Source": "Repository",
      "Repository": "CRAN",
      "Hash": "62f4b5da3e08d8e5bcba6cac15603f70",
      "Requirements": []
    },
    "withr": {
      "Package": "withr",
      "Version": "2.5.0",
      "Source": "Repository",
      "Repository": "CRAN",
      "Hash": "c0e49a9760983e81e55cdd9be92e7182",
      "Requirements": []
    },
    "xfun": {
      "Package": "xfun",
      "Version": "0.37",
      "Source": "Repository",
      "Repository": "CRAN",
      "Hash": "a6860e1400a8fd1ddb6d9b4230cc34ab",
      "Requirements": []
    },
    "xtable": {
      "Package": "xtable",
      "Version": "1.8-6",
      "Source": "Repository",
      "Repository": "R-Forge",
      "Hash": "1c0fd518eb1e4a9055f212aa6e9b1eb8",
      "Requirements": []
    },
    "yaml": {
      "Package": "yaml",
      "Version": "2.3.7",
      "Source": "Repository",
      "Repository": "CRAN",
      "Hash": "0d0056cc5383fbc240ccd0cb584bf436",
      "Requirements": []
    },
    "zlibbioc": {
      "Package": "zlibbioc",
      "Version": "1.44.0",
      "Source": "Bioconductor",
      "git_url": "https://git.bioconductor.org/packages/zlibbioc",
      "git_branch": "RELEASE_3_16",
      "git_last_commit": "d39f0b0",
      "git_last_commit_date": "2022-11-01",
      "Hash": "6f578730acbdfc7ce2ca49df29bb5352",
      "Requirements": []
    }
  }
}
